Microsoft Visual Studio Solution File, Format Version 12.00
# Visual Studio Version 17
VisualStudioVersion = 17.5.2.0
MinimumVisualStudioVersion = 10.0.40219.1
Project("{FAE04EC0-301F-11D3-BF4B-00C04F79EFBC}") = "TaskFlow-Pro", "TaskFlow-Pro.csproj", "{08BEBB66-1906-9047-84BE-F1CDE6284B2D}"
EndProject
Global
	GlobalSection(SolutionConfigurationPlatforms) = preSolution
		Debug|Any CPU = Debug|Any CPU
		Release|Any CPU = Release|Any CPU
	EndGlobalSection
	GlobalSection(ProjectConfigurationPlatforms) = postSolution
		{08BEBB66-1906-9047-84BE-F1CDE6284B2D}.Debug|Any CPU.ActiveCfg = Debug|Any CPU
		{08BEBB66-1906-9047-84BE-F1CDE6284B2D}.Debug|Any CPU.Build.0 = Debug|Any CPU
		{08BEBB66-1906-9047-84BE-F1CDE6284B2D}.Release|Any CPU.ActiveCfg = Release|Any CPU
		{08BEBB66-1906-9047-84BE-F1CDE6284B2D}.Release|Any CPU.Build.0 = Release|Any CPU
	EndGlobalSection
	GlobalSection(SolutionProperties) = preSolution
		HideSolutionNode = FALSE
	EndGlobalSection
	GlobalSection(ExtensibilityGlobals) = postSolution
		SolutionGuid = {7BDD761C-10E0-43A6-8893-5928C36988D3}
	EndGlobalSection
EndGlobal
