
Microsoft Visual Studio Solution File, Format Version 12.00
Project("{FAE04EC0-301F-11D3-BF4B-00C04F79EFBC}") = "TaskFlow-Pro", "TaskFlow-Pro\TaskFlow-Pro.csproj", "{15F59882-CC82-4D64-8A4F-F2530813BFD9}"
EndProject
Global
	GlobalSection(SolutionConfigurationPlatforms) = preSolution
		Debug|Any CPU = Debug|Any CPU
		Release|Any CPU = Release|Any CPU
	EndGlobalSection
	GlobalSection(ProjectConfigurationPlatforms) = postSolution
		{15F59882-CC82-4D64-8A4F-F2530813BFD9}.Debug|Any CPU.ActiveCfg = Debug|Any CPU
		{15F59882-CC82-4D64-8A4F-F2530813BFD9}.Debug|Any CPU.Build.0 = Debug|Any CPU
		{15F59882-CC82-4D64-8A4F-F2530813BFD9}.Release|Any CPU.ActiveCfg = Release|Any CPU
		{15F59882-CC82-4D64-8A4F-F2530813BFD9}.Release|Any CPU.Build.0 = Release|Any CPU
	EndGlobalSection
EndGlobal
